
Microsoft Visual Studio Solution File, Format Version 12.00
# Visual Studio Version 16
VisualStudioVersion = 16.0.30711.63
MinimumVisualStudioVersion = 10.0.40219.1
Project("{FAE04EC0-301F-11D3-BF4B-00C04F79EFBC}") = "ChangeDate", "ChangeDate\ChangeDate.csproj", "{559C5307-3589-4C41-9FFE-97F9BE166668}"
EndProject
Global
	GlobalSection(SolutionConfigurationPlatforms) = preSolution
		Debug|Any CPU = Debug|Any CPU
		Release|Any CPU = Release|Any CPU
	EndGlobalSection
	GlobalSection(ProjectConfigurationPlatforms) = postSolution
		{559C5307-3589-4C41-9FFE-97F9BE166668}.Debug|Any CPU.ActiveCfg = Debug|Any CPU
		{559C5307-3589-4C41-9FFE-97F9BE166668}.Debug|Any CPU.Build.0 = Debug|Any CPU
		{559C5307-3589-4C41-9FFE-97F9BE166668}.Release|Any CPU.ActiveCfg = Release|Any CPU
		{559C5307-3589-4C41-9FFE-97F9BE166668}.Release|Any CPU.Build.0 = Release|Any CPU
	EndGlobalSection
	GlobalSection(SolutionProperties) = preSolution
		HideSolutionNode = FALSE
	EndGlobalSection
	GlobalSection(ExtensibilityGlobals) = postSolution
		SolutionGuid = {767368D4-F90E-49DD-8377-C34191EB621B}
	EndGlobalSection
EndGlobal
